
Microsoft Visual Studio Solution File, Format Version 12.00
# Visual Studio Version 16
VisualStudioVersion = 16.0.31702.278
MinimumVisualStudioVersion = 10.0.40219.1
Project("{FAE04EC0-301F-11D3-BF4B-00C04F79EFBC}") = "Projeto 1046", "Projeto 1046\Projeto 1046.csproj", "{2295FEFE-7735-4E2D-B2FD-17CC1EBC195F}"
EndProject
Global
	GlobalSection(SolutionConfigurationPlatforms) = preSolution
		Debug|Any CPU = Debug|Any CPU
		Release|Any CPU = Release|Any CPU
	EndGlobalSection
	GlobalSection(ProjectConfigurationPlatforms) = postSolution
		{2295FEFE-7735-4E2D-B2FD-17CC1EBC195F}.Debug|Any CPU.ActiveCfg = Debug|Any CPU
		{2295FEFE-7735-4E2D-B2FD-17CC1EBC195F}.Debug|Any CPU.Build.0 = Debug|Any CPU
		{2295FEFE-7735-4E2D-B2FD-17CC1EBC195F}.Release|Any CPU.ActiveCfg = Release|Any CPU
		{2295FEFE-7735-4E2D-B2FD-17CC1EBC195F}.Release|Any CPU.Build.0 = Release|Any CPU
	EndGlobalSection
	GlobalSection(SolutionProperties) = preSolution
		HideSolutionNode = FALSE
	EndGlobalSection
	GlobalSection(ExtensibilityGlobals) = postSolution
		SolutionGuid = {05472373-BBC8-4FB6-9552-EED90B59C02D}
	EndGlobalSection
EndGlobal
